{
  "name": "@mgc/frontend",
  "version": "0.1.0",
  "lockfileVersion": 3,
  "requires": true,
  "packages": {
    "": {
      "name": "@mgc/frontend",
      "version": "0.1.0",
      "dependencies": {
        "class-variance-authority": "^0.7.0",
        "clsx": "^2.1.0",
        "lucide-vue-next": "^0.365.0",
        "pinia": "^2.1.7",
        "radix-vue": "^1.9.0",
        "tailwind-merge": "^2.2.2",
        "vue": "^3.4.21"
      },
      "devDependencies": {
        "@vitejs/plugin-vue": "^5.0.4",
        "autoprefixer": "^10.4.19",
        "postcss": "^8.4.38",
        "tailwindcss": "^3.4.3",
        "typescript": "^5.4.0",
        "vite": "^5.2.8"
      }
    },
    "../../node_modules/.pnpm/@vitejs+plugin-vue@5.2.4_vite@5.4.21_@types+node@25.9.1__vue@3.5.34_typescript@5.9.3_/node_modules/@vitejs/plugin-vue": {
      "version": "5.2.4",
      "dev": true,
      "license": "MIT",
      "devDependencies": {
        "@jridgewell/gen-mapping": "^0.3.8",
        "@jridgewell/trace-mapping": "^0.3.25",
        "debug": "^4.4.0",
        "rollup": "^4.40.2",
        "slash": "^5.1.0",
        "source-map-js": "^1.2.1",
        "vite": "^6.3.5",
        "vue": "^3.5.13"
      },
      "engines": {
        "node": "^18.0.0 || >=20.0.0"
      },
      "peerDependencies": {
        "vite": "^5.0.0 || ^6.0.0",
        "vue": "^3.2.25"
      }
    },
    "../../node_modules/.pnpm/autoprefixer@10.5.0_postcss@8.5.15/node_modules/autoprefixer": {
      "version": "10.5.0",
      "dev": true,
      "funding": [
        {
          "type": "opencollective",
          "url": "https://opencollective.com/postcss/"
        },
        {
          "type": "tidelift",
          "url": "https://tidelift.com/funding/github/npm/autoprefixer"
        },
        {
          "type": "github",
          "url": "https://github.com/sponsors/ai"
        }
      ],
      "license": "MIT",
      "dependencies": {
        "browserslist": "^4.28.2",
        "caniuse-lite": "^1.0.30001787",
        "fraction.js": "^5.3.4",
        "picocolors": "^1.1.1",
        "postcss-value-parser": "^4.2.0"
      },
      "bin": {
        "autoprefixer": "bin/autoprefixer"
      },
      "engines": {
        "node": "^10 || ^12 || >=14"
      },
      "peerDependencies": {
        "postcss": "^8.1.0"
      }
    },
    "../../node_modules/.pnpm/pinia@2.3.1_typescript@5.9.3_vue@3.5.34_typescript@5.9.3_/node_modules/pinia": {
      "version": "2.3.1",
      "license": "MIT",
      "dependencies": {
        "@vue/devtools-api": "^6.6.3",
        "vue-demi": "^0.14.10"
      },
      "devDependencies": {
        "@microsoft/api-extractor": "7.48.0",
        "@vue/test-utils": "^2.4.6"
      },
      "funding": {
        "url": "https://github.com/sponsors/posva"
      },
      "peerDependencies": {
        "typescript": ">=4.4.4",
        "vue": "^2.7.0 || ^3.5.11"
      },
      "peerDependenciesMeta": {
        "typescript": {
          "optional": true
        }
      }
    },
    "../../node_modules/.pnpm/postcss@8.5.15/node_modules/postcss": {
      "version": "8.5.15",
      "dev": true,
      "funding": [
        {
          "type": "opencollective",
          "url": "https://opencollective.com/postcss/"
        },
        {
          "type": "tidelift",
          "url": "https://tidelift.com/funding/github/npm/postcss"
        },
        {
          "type": "github",
          "url": "https://github.com/sponsors/ai"
        }
      ],
      "license": "MIT",
      "dependencies": {
        "nanoid": "^3.3.12",
        "picocolors": "^1.1.1",
        "source-map-js": "^1.2.1"
      },
      "engines": {
        "node": "^10 || ^12 || >=14"
      }
    },
    "../../node_modules/.pnpm/tailwindcss@3.4.19/node_modules/tailwindcss": {
      "version": "3.4.19",
      "dev": true,
      "license": "MIT",
      "dependencies": {
        "@alloc/quick-lru": "^5.2.0",
        "arg": "^5.0.2",
        "chokidar": "^3.6.0",
        "didyoumean": "^1.2.2",
        "dlv": "^1.1.3",
        "fast-glob": "^3.3.2",
        "glob-parent": "^6.0.2",
        "is-glob": "^4.0.3",
        "jiti": "^1.21.7",
        "lilconfig": "^3.1.3",
        "micromatch": "^4.0.8",
        "normalize-path": "^3.0.0",
        "object-hash": "^3.0.0",
        "picocolors": "^1.1.1",
        "postcss": "^8.4.47",
        "postcss-import": "^15.1.0",
        "postcss-js": "^4.0.1",
        "postcss-load-config": "^4.0.2 || ^5.0 || ^6.0",
        "postcss-nested": "^6.2.0",
        "postcss-selector-parser": "^6.1.2",
        "resolve": "^1.22.8",
        "sucrase": "^3.35.0"
      },
      "bin": {
        "tailwind": "lib/cli.js",
        "tailwindcss": "lib/cli.js"
      },
      "devDependencies": {
        "@swc/cli": "0.1.62",
        "@swc/core": "1.3.55",
        "@swc/jest": "0.2.26",
        "@swc/register": "0.1.10",
        "autoprefixer": "^10.4.20",
        "browserslist": "^4.24.0",
        "concurrently": "^8.2.2",
        "cssnano": "^6.1.2",
        "esbuild": "^0.24.0",
        "eslint": "^8.57.1",
        "eslint-config-prettier": "^8.10.0",
        "eslint-plugin-prettier": "^4.2.1",
        "jest": "^29.7.0",
        "jest-diff": "^29.7.0",
        "lightningcss": "1.27.0",
        "prettier": "^2.8.8",
        "rimraf": "^5.0.10",
        "source-map-js": "^1.2.1",
        "turbo": "^1.13.4"
      },
      "engines": {
        "node": ">=14.0.0"
      }
    },
    "../../node_modules/.pnpm/typescript@5.9.3/node_modules/typescript": {
      "version": "5.9.3",
      "dev": true,
      "license": "Apache-2.0",
      "bin": {
        "tsc": "bin/tsc",
        "tsserver": "bin/tsserver"
      },
      "devDependencies": {
        "@dprint/formatter": "^0.4.1",
        "@dprint/typescript": "0.93.4",
        "@esfx/canceltoken": "^1.0.0",
        "@eslint/js": "^9.20.0",
        "@octokit/rest": "^21.1.1",
        "@types/chai": "^4.3.20",
        "@types/diff": "^7.0.1",
        "@types/minimist": "^1.2.5",
        "@types/mocha": "^10.0.10",
        "@types/ms": "^0.7.34",
        "@types/node": "latest",
        "@types/source-map-support": "^0.5.10",
        "@types/which": "^3.0.4",
        "@typescript-eslint/rule-tester": "^8.24.1",
        "@typescript-eslint/type-utils": "^8.24.1",
        "@typescript-eslint/utils": "^8.24.1",
        "azure-devops-node-api": "^14.1.0",
        "c8": "^10.1.3",
        "chai": "^4.5.0",
        "chokidar": "^4.0.3",
        "diff": "^7.0.0",
        "dprint": "^0.49.0",
        "esbuild": "^0.25.0",
        "eslint": "^9.20.1",
        "eslint-formatter-autolinkable-stylish": "^1.4.0",
        "eslint-plugin-regexp": "^2.7.0",
        "fast-xml-parser": "^4.5.2",
        "glob": "^10.4.5",
        "globals": "^15.15.0",
        "hereby": "^1.10.0",
        "jsonc-parser": "^3.3.1",
        "knip": "^5.44.4",
        "minimist": "^1.2.8",
        "mocha": "^10.8.2",
        "mocha-fivemat-progress-reporter": "^0.1.0",
        "monocart-coverage-reports": "^2.12.1",
        "ms": "^2.1.3",
        "picocolors": "^1.1.1",
        "playwright": "^1.50.1",
        "source-map-support": "^0.5.21",
        "tslib": "^2.8.1",
        "typescript": "^5.7.3",
        "typescript-eslint": "^8.24.1",
        "which": "^3.0.1"
      },
      "engines": {
        "node": ">=14.17"
      }
    },
    "../../node_modules/.pnpm/vite@5.4.21_@types+node@25.9.1/node_modules/vite": {
      "version": "5.4.21",
      "dev": true,
      "license": "MIT",
      "dependencies": {
        "esbuild": "^0.21.3",
        "postcss": "^8.4.43",
        "rollup": "^4.20.0"
      },
      "bin": {
        "vite": "bin/vite.js"
      },
      "devDependencies": {
        "@ampproject/remapping": "^2.3.0",
        "@babel/parser": "^7.25.6",
        "@jridgewell/trace-mapping": "^0.3.25",
        "@polka/compression": "^1.0.0-next.25",
        "@rollup/plugin-alias": "^5.1.0",
        "@rollup/plugin-commonjs": "^26.0.1",
        "@rollup/plugin-dynamic-import-vars": "^2.1.2",
        "@rollup/plugin-json": "^6.1.0",
        "@rollup/plugin-node-resolve": "15.2.3",
        "@rollup/pluginutils": "^5.1.0",
        "@types/escape-html": "^1.0.4",
        "@types/pnpapi": "^0.0.5",
        "artichokie": "^0.2.1",
        "cac": "^6.7.14",
        "chokidar": "^3.6.0",
        "connect": "^3.7.0",
        "convert-source-map": "^2.0.0",
        "cors": "^2.8.5",
        "cross-spawn": "^7.0.3",
        "debug": "^4.3.6",
        "dep-types": "link:./src/types",
        "dotenv": "^16.4.5",
        "dotenv-expand": "^11.0.6",
        "es-module-lexer": "^1.5.4",
        "escape-html": "^1.0.3",
        "estree-walker": "^3.0.3",
        "etag": "^1.8.1",
        "fast-glob": "^3.3.2",
        "http-proxy": "^1.18.1",
        "launch-editor-middleware": "^2.9.1",
        "lightningcss": "^1.26.0",
        "magic-string": "^0.30.11",
        "micromatch": "^4.0.8",
        "mlly": "^1.7.1",
        "mrmime": "^2.0.0",
        "open": "^8.4.2",
        "parse5": "^7.1.2",
        "pathe": "^1.1.2",
        "periscopic": "^4.0.2",
        "picocolors": "^1.0.1",
        "picomatch": "^2.3.1",
        "postcss-import": "^16.1.0",
        "postcss-load-config": "^4.0.2",
        "postcss-modules": "^6.0.0",
        "resolve.exports": "^2.0.2",
        "rollup-plugin-dts": "^6.1.1",
        "rollup-plugin-esbuild": "^6.1.1",
        "rollup-plugin-license": "^3.5.2",
        "sass": "^1.77.8",
        "sass-embedded": "^1.77.8",
        "sirv": "^2.0.4",
        "source-map-support": "^0.5.21",
        "strip-ansi": "^7.1.0",
        "strip-literal": "^2.1.0",
        "tsconfck": "^3.1.4",
        "tslib": "^2.7.0",
        "types": "link:./types",
        "ufo": "^1.5.4",
        "ws": "^8.18.0"
      },
      "engines": {
        "node": "^18.0.0 || >=20.0.0"
      },
      "funding": {
        "url": "https://github.com/vitejs/vite?sponsor=1"
      },
      "optionalDependencies": {
        "fsevents": "~2.3.3"
      },
      "peerDependencies": {
        "@types/node": "^18.0.0 || >=20.0.0",
        "less": "*",
        "lightningcss": "^1.21.0",
        "sass": "*",
        "sass-embedded": "*",
        "stylus": "*",
        "sugarss": "*",
        "terser": "^5.4.0"
      },
      "peerDependenciesMeta": {
        "@types/node": {
          "optional": true
        },
        "less": {
          "optional": true
        },
        "lightningcss": {
          "optional": true
        },
        "sass": {
          "optional": true
        },
        "sass-embedded": {
          "optional": true
        },
        "stylus": {
          "optional": true
        },
        "sugarss": {
          "optional": true
        },
        "terser": {
          "optional": true
        }
      }
    },
    "../../node_modules/.pnpm/vue@3.5.34_typescript@5.9.3/node_modules/vue": {
      "version": "3.5.34",
      "license": "MIT",
      "dependencies": {
        "@vue/compiler-dom": "3.5.34",
        "@vue/compiler-sfc": "3.5.34",
        "@vue/runtime-dom": "3.5.34",
        "@vue/server-renderer": "3.5.34",
        "@vue/shared": "3.5.34"
      },
      "peerDependencies": {
        "typescript": "*"
      },
      "peerDependenciesMeta": {
        "typescript": {
          "optional": true
        }
      }
    },
    "node_modules/@floating-ui/core": {
      "version": "1.7.5",
      "resolved": "https://registry.npmjs.org/@floating-ui/core/-/core-1.7.5.tgz",
      "integrity": "sha512-1Ih4WTWyw0+lKyFMcBHGbb5U5FtuHJuujoyyr5zTaWS5EYMeT6Jb2AuDeftsCsEuchO+mM2ij5+q9crhydzLhQ==",
      "license": "MIT",
      "dependencies": {
        "@floating-ui/utils": "^0.2.11"
      }
    },
    "node_modules/@floating-ui/dom": {
      "version": "1.7.6",
      "resolved": "https://registry.npmjs.org/@floating-ui/dom/-/dom-1.7.6.tgz",
      "integrity": "sha512-9gZSAI5XM36880PPMm//9dfiEngYoC6Am2izES1FF406YFsjvyBMmeJ2g4SAju3xWwtuynNRFL2s9hgxpLI5SQ==",
      "license": "MIT",
      "dependencies": {
        "@floating-ui/core": "^1.7.5",
        "@floating-ui/utils": "^0.2.11"
      }
    },
    "node_modules/@floating-ui/utils": {
      "version": "0.2.11",
      "resolved": "https://registry.npmjs.org/@floating-ui/utils/-/utils-0.2.11.tgz",
      "integrity": "sha512-RiB/yIh78pcIxl6lLMG0CgBXAZ2Y0eVHqMPYugu+9U0AeT6YBeiJpf7lbdJNIugFP5SIjwNRgo4DhR1Qxi26Gg==",
      "license": "MIT"
    },
    "node_modules/@floating-ui/vue": {
      "version": "1.1.11",
      "resolved": "https://registry.npmjs.org/@floating-ui/vue/-/vue-1.1.11.tgz",
      "integrity": "sha512-HzHKCNVxnGS35r9fCHBc3+uCnjw9IWIlCPL683cGgM9Kgj2BiAl8x1mS7vtvP6F9S/e/q4O6MApwSHj8hNLGfw==",
      "license": "MIT",
      "dependencies": {
        "@floating-ui/dom": "^1.7.6",
        "@floating-ui/utils": "^0.2.11",
        "vue-demi": ">=0.13.0"
      }
    },
    "node_modules/@floating-ui/vue/node_modules/vue-demi": {
      "version": "0.14.10",
      "resolved": "https://registry.npmjs.org/vue-demi/-/vue-demi-0.14.10.tgz",
      "integrity": "sha512-nMZBOwuzabUO0nLgIcc6rycZEebF6eeUfaiQx9+WSk8e29IbLvPU9feI6tqW4kTo3hvoYAJkMh8n8D0fuISphg==",
      "hasInstallScript": true,
      "license": "MIT",
      "bin": {
        "vue-demi-fix": "bin/vue-demi-fix.js",
        "vue-demi-switch": "bin/vue-demi-switch.js"
      },
      "engines": {
        "node": ">=12"
      },
      "funding": {
        "url": "https://github.com/sponsors/antfu"
      },
      "peerDependencies": {
        "@vue/composition-api": "^1.0.0-rc.1",
        "vue": "^3.0.0-0 || ^2.6.0"
      },
      "peerDependenciesMeta": {
        "@vue/composition-api": {
          "optional": true
        }
      }
    },
    "node_modules/@internationalized/date": {
      "version": "3.12.1",
      "resolved": "https://registry.npmjs.org/@internationalized/date/-/date-3.12.1.tgz",
      "integrity": "sha512-6IedsVWXyq4P9Tj+TxuU8WGWM70hYLl12nbYU8jkikVpa6WXapFazPUcHUMDMoWftIDE2ILDkFFte6W2nFCkRQ==",
      "license": "Apache-2.0",
      "dependencies": {
        "@swc/helpers": "^0.5.0"
      }
    },
    "node_modules/@internationalized/number": {
      "version": "3.6.6",
      "resolved": "https://registry.npmjs.org/@internationalized/number/-/number-3.6.6.tgz",
      "integrity": "sha512-iFgmQaXHE0vytNfpLZWOC2mEJCBRzcUxt53Xf/yCXG93lRvqas237i3r7X4RKMwO3txiyZD4mQjKAByFv6UGSQ==",
      "license": "Apache-2.0",
      "dependencies": {
        "@swc/helpers": "^0.5.0"
      }
    },
    "node_modules/@swc/helpers": {
      "version": "0.5.21",
      "resolved": "https://registry.npmjs.org/@swc/helpers/-/helpers-0.5.21.tgz",
      "integrity": "sha512-jI/VAmtdjB/RnI8GTnokyX7Ug8c+g+ffD6QRLa6XQewtnGyukKkKSk3wLTM3b5cjt1jNh9x0jfVlagdN2gDKQg==",
      "license": "Apache-2.0",
      "dependencies": {
        "tslib": "^2.8.0"
      }
    },
    "node_modules/@tanstack/virtual-core": {
      "version": "3.15.0",
      "resolved": "https://registry.npmjs.org/@tanstack/virtual-core/-/virtual-core-3.15.0.tgz",
      "integrity": "sha512-0AwPGx0I8QxPYjAxShT/+z+ZOe9u8mW5rsXvivCTjRfRmz9a43+3mRyi4wwlyoUqOC56q/jatKa0Bh9M99BEHQ==",
      "license": "MIT",
      "funding": {
        "type": "github",
        "url": "https://github.com/sponsors/tannerlinsley"
      }
    },
    "node_modules/@tanstack/vue-virtual": {
      "version": "3.13.25",
      "resolved": "https://registry.npmjs.org/@tanstack/vue-virtual/-/vue-virtual-3.13.25.tgz",
      "integrity": "sha512-/ez+t68a5O4CgVysvk7Bav0XbSYSYufOVHZveXF+DYO9hvtg2UheYzR0YkniCeUtXmMjDne1dDqwBMkOmEUOow==",
      "license": "MIT",
      "dependencies": {
        "@tanstack/virtual-core": "3.15.0"
      },
      "funding": {
        "type": "github",
        "url": "https://github.com/sponsors/tannerlinsley"
      },
      "peerDependencies": {
        "vue": "^2.7.0 || ^3.0.0"
      }
    },
    "node_modules/@types/web-bluetooth": {
      "version": "0.0.20",
      "resolved": "https://registry.npmjs.org/@types/web-bluetooth/-/web-bluetooth-0.0.20.tgz",
      "integrity": "sha512-g9gZnnXVq7gM7v3tJCWV/qw7w+KeOlSHAhgF9RytFyifW6AF61hdT2ucrYhPq9hLs5JIryeupHV3qGk95dH9ow==",
      "license": "MIT"
    },
    "node_modules/@vitejs/plugin-vue": {
      "resolved": "../../node_modules/.pnpm/@vitejs+plugin-vue@5.2.4_vite@5.4.21_@types+node@25.9.1__vue@3.5.34_typescript@5.9.3_/node_modules/@vitejs/plugin-vue",
      "link": true
    },
    "node_modules/@vueuse/core": {
      "version": "10.11.1",
      "resolved": "https://registry.npmjs.org/@vueuse/core/-/core-10.11.1.tgz",
      "integrity": "sha512-guoy26JQktXPcz+0n3GukWIy/JDNKti9v6VEMu6kV2sYBsWuGiTU8OWdg+ADfUbHg3/3DlqySDe7JmdHrktiww==",
      "license": "MIT",
      "dependencies": {
        "@types/web-bluetooth": "^0.0.20",
        "@vueuse/metadata": "10.11.1",
        "@vueuse/shared": "10.11.1",
        "vue-demi": ">=0.14.8"
      },
      "funding": {
        "url": "https://github.com/sponsors/antfu"
      }
    },
    "node_modules/@vueuse/core/node_modules/vue-demi": {
      "version": "0.14.10",
      "resolved": "https://registry.npmjs.org/vue-demi/-/vue-demi-0.14.10.tgz",
      "integrity": "sha512-nMZBOwuzabUO0nLgIcc6rycZEebF6eeUfaiQx9+WSk8e29IbLvPU9feI6tqW4kTo3hvoYAJkMh8n8D0fuISphg==",
      "hasInstallScript": true,
      "license": "MIT",
      "bin": {
        "vue-demi-fix": "bin/vue-demi-fix.js",
        "vue-demi-switch": "bin/vue-demi-switch.js"
      },
      "engines": {
        "node": ">=12"
      },
      "funding": {
        "url": "https://github.com/sponsors/antfu"
      },
      "peerDependencies": {
        "@vue/composition-api": "^1.0.0-rc.1",
        "vue": "^3.0.0-0 || ^2.6.0"
      },
      "peerDependenciesMeta": {
        "@vue/composition-api": {
          "optional": true
        }
      }
    },
    "node_modules/@vueuse/metadata": {
      "version": "10.11.1",
      "resolved": "https://registry.npmjs.org/@vueuse/metadata/-/metadata-10.11.1.tgz",
      "integrity": "sha512-IGa5FXd003Ug1qAZmyE8wF3sJ81xGLSqTqtQ6jaVfkeZ4i5kS2mwQF61yhVqojRnenVew5PldLyRgvdl4YYuSw==",
      "license": "MIT",
      "funding": {
        "url": "https://github.com/sponsors/antfu"
      }
    },
    "node_modules/@vueuse/shared": {
      "version": "10.11.1",
      "resolved": "https://registry.npmjs.org/@vueuse/shared/-/shared-10.11.1.tgz",
      "integrity": "sha512-LHpC8711VFZlDaYUXEBbFBCQ7GS3dVU9mjOhhMhXP6txTV4EhYQg/KGnQuvt/sPAtoUKq7VVUnL6mVtFoL42sA==",
      "license": "MIT",
      "dependencies": {
        "vue-demi": ">=0.14.8"
      },
      "funding": {
        "url": "https://github.com/sponsors/antfu"
      }
    },
    "node_modules/@vueuse/shared/node_modules/vue-demi": {
      "version": "0.14.10",
      "resolved": "https://registry.npmjs.org/vue-demi/-/vue-demi-0.14.10.tgz",
      "integrity": "sha512-nMZBOwuzabUO0nLgIcc6rycZEebF6eeUfaiQx9+WSk8e29IbLvPU9feI6tqW4kTo3hvoYAJkMh8n8D0fuISphg==",
      "hasInstallScript": true,
      "license": "MIT",
      "bin": {
        "vue-demi-fix": "bin/vue-demi-fix.js",
        "vue-demi-switch": "bin/vue-demi-switch.js"
      },
      "engines": {
        "node": ">=12"
      },
      "funding": {
        "url": "https://github.com/sponsors/antfu"
      },
      "peerDependencies": {
        "@vue/composition-api": "^1.0.0-rc.1",
        "vue": "^3.0.0-0 || ^2.6.0"
      },
      "peerDependenciesMeta": {
        "@vue/composition-api": {
          "optional": true
        }
      }
    },
    "node_modules/aria-hidden": {
      "version": "1.2.6",
      "resolved": "https://registry.npmjs.org/aria-hidden/-/aria-hidden-1.2.6.tgz",
      "integrity": "sha512-ik3ZgC9dY/lYVVM++OISsaYDeg1tb0VtP5uL3ouh1koGOaUMDPpbFIei4JkFimWUFPn90sbMNMXQAIVOlnYKJA==",
      "license": "MIT",
      "dependencies": {
        "tslib": "^2.0.0"
      },
      "engines": {
        "node": ">=10"
      }
    },
    "node_modules/autoprefixer": {
      "resolved": "../../node_modules/.pnpm/autoprefixer@10.5.0_postcss@8.5.15/node_modules/autoprefixer",
      "link": true
    },
    "node_modules/class-variance-authority": {
      "version": "0.7.1",
      "resolved": "https://registry.npmjs.org/class-variance-authority/-/class-variance-authority-0.7.1.tgz",
      "integrity": "sha512-Ka+9Trutv7G8M6WT6SeiRWz792K5qEqIGEGzXKhAE6xOWAY6pPH8U+9IY3oCMv6kqTmLsv7Xh/2w2RigkePMsg==",
      "license": "Apache-2.0",
      "dependencies": {
        "clsx": "^2.1.1"
      },
      "funding": {
        "url": "https://polar.sh/cva"
      }
    },
    "node_modules/clsx": {
      "version": "2.1.1",
      "resolved": "https://registry.npmjs.org/clsx/-/clsx-2.1.1.tgz",
      "integrity": "sha512-eYm0QWBtUrBWZWG0d386OGAw16Z995PiOVo2B7bjWSbHedGl5e0ZWaq65kOGgUSNesEIDkB9ISbTg/JK9dhCZA==",
      "license": "MIT",
      "engines": {
        "node": ">=6"
      }
    },
    "node_modules/defu": {
      "version": "6.1.7",
      "resolved": "https://registry.npmjs.org/defu/-/defu-6.1.7.tgz",
      "integrity": "sha512-7z22QmUWiQ/2d0KkdYmANbRUVABpZ9SNYyH5vx6PZ+nE5bcC0l7uFvEfHlyld/HcGBFTL536ClDt3DEcSlEJAQ==",
      "license": "MIT"
    },
    "node_modules/fast-deep-equal": {
      "version": "3.1.3",
      "resolved": "https://registry.npmjs.org/fast-deep-equal/-/fast-deep-equal-3.1.3.tgz",
      "integrity": "sha512-f3qQ9oQy9j2AhBe/H9VC91wLmKBCCU/gDOnKNAYG5hswO7BLKj09Hc5HYNz9cGI++xlpDCIgDaitVs03ATR84Q==",
      "license": "MIT"
    },
    "node_modules/lucide-vue-next": {
      "version": "0.365.0",
      "resolved": "https://registry.npmjs.org/lucide-vue-next/-/lucide-vue-next-0.365.0.tgz",
      "integrity": "sha512-gevWR9gNBObHTP8tmdoAGtO7IozkS+FQjTeZ5QpCcrgk3eqwfQlzn9fPyRPQ5Fd31ouq3hvyOqWpuXtTRLsQTQ==",
      "deprecated": "Package deprecated. Please use @lucide/vue instead.",
      "license": "ISC",
      "peerDependencies": {
        "vue": ">=3.0.1"
      }
    },
    "node_modules/nanoid": {
      "version": "5.1.11",
      "resolved": "https://registry.npmjs.org/nanoid/-/nanoid-5.1.11.tgz",
      "integrity": "sha512-v+KEsUv2ps74PaSKv0gHTxTCgMXOIfBEbaqa6w6ISIGC7ZsvHN4N9oJ8d4cmf0n5oTzQz2SLmThbQWhjd/8eKg==",
      "funding": [
        {
          "type": "github",
          "url": "https://github.com/sponsors/ai"
        }
      ],
      "license": "MIT",
      "bin": {
        "nanoid": "bin/nanoid.js"
      },
      "engines": {
        "node": "^18 || >=20"
      }
    },
    "node_modules/pinia": {
      "resolved": "../../node_modules/.pnpm/pinia@2.3.1_typescript@5.9.3_vue@3.5.34_typescript@5.9.3_/node_modules/pinia",
      "link": true
    },
    "node_modules/postcss": {
      "resolved": "../../node_modules/.pnpm/postcss@8.5.15/node_modules/postcss",
      "link": true
    },
    "node_modules/radix-vue": {
      "version": "1.9.17",
      "resolved": "https://registry.npmjs.org/radix-vue/-/radix-vue-1.9.17.tgz",
      "integrity": "sha512-mVCu7I2vXt1L2IUYHTt0sZMz7s1K2ZtqKeTIxG3yC5mMFfLBG4FtE1FDeRMpDd+Hhg/ybi9+iXmAP1ISREndoQ==",
      "license": "MIT",
      "dependencies": {
        "@floating-ui/dom": "^1.6.7",
        "@floating-ui/vue": "^1.1.0",
        "@internationalized/date": "^3.5.4",
        "@internationalized/number": "^3.5.3",
        "@tanstack/vue-virtual": "^3.8.1",
        "@vueuse/core": "^10.11.0",
        "@vueuse/shared": "^10.11.0",
        "aria-hidden": "^1.2.4",
        "defu": "^6.1.4",
        "fast-deep-equal": "^3.1.3",
        "nanoid": "^5.0.7"
      },
      "peerDependencies": {
        "vue": ">= 3.2.0"
      }
    },
    "node_modules/tailwind-merge": {
      "version": "2.6.1",
      "resolved": "https://registry.npmjs.org/tailwind-merge/-/tailwind-merge-2.6.1.tgz",
      "integrity": "sha512-Oo6tHdpZsGpkKG88HJ8RR1rg/RdnEkQEfMoEk2x1XRI3F1AxeU+ijRXpiVUF4UbLfcxxRGw6TbUINKYdWVsQTQ==",
      "license": "MIT",
      "funding": {
        "type": "github",
        "url": "https://github.com/sponsors/dcastil"
      }
    },
    "node_modules/tailwindcss": {
      "resolved": "../../node_modules/.pnpm/tailwindcss@3.4.19/node_modules/tailwindcss",
      "link": true
    },
    "node_modules/tslib": {
      "version": "2.8.1",
      "resolved": "https://registry.npmjs.org/tslib/-/tslib-2.8.1.tgz",
      "integrity": "sha512-oJFu94HQb+KVduSUQL7wnpmqnfmLsOA/nAh6b6EH0wCEoK0/mPeXU6c3wKDV83MkOuHPRHtSXKKU99IBazS/2w==",
      "license": "0BSD"
    },
    "node_modules/typescript": {
      "resolved": "../../node_modules/.pnpm/typescript@5.9.3/node_modules/typescript",
      "link": true
    },
    "node_modules/vite": {
      "resolved": "../../node_modules/.pnpm/vite@5.4.21_@types+node@25.9.1/node_modules/vite",
      "link": true
    },
    "node_modules/vue": {
      "resolved": "../../node_modules/.pnpm/vue@3.5.34_typescript@5.9.3/node_modules/vue",
      "link": true
    }
  }
}
